
Microsoft Visual Studio Solution File, Format Version 12.00
# Visual Studio 15
VisualStudioVersion = 15.0.27130.2010
MinimumVisualStudioVersion = 10.0.40219.1
Project("{FAE04EC0-301F-11D3-BF4B-00C04F79EFBC}") = "ConsoleApp1", "ConsoleApp1.csproj", "{CCD0FCD1-E341-455E-98EF-FECB7FA16668}"
EndProject
Global
	GlobalSection(SolutionConfigurationPlatforms) = preSolution
		Debug|Any CPU = Debug|Any CPU
		Release|Any CPU = Release|Any CPU
	EndGlobalSection
	GlobalSection(ProjectConfigurationPlatforms) = postSolution
		{CCD0FCD1-E341-455E-98EF-FECB7FA16668}.Debug|Any CPU.ActiveCfg = Debug|Any CPU
		{CCD0FCD1-E341-455E-98EF-FECB7FA16668}.Debug|Any CPU.Build.0 = Debug|Any CPU
		{CCD0FCD1-E341-455E-98EF-FECB7FA16668}.Release|Any CPU.ActiveCfg = Release|Any CPU
		{CCD0FCD1-E341-455E-98EF-FECB7FA16668}.Release|Any CPU.Build.0 = Release|Any CPU
	EndGlobalSection
	GlobalSection(SolutionProperties) = preSolution
		HideSolutionNode = FALSE
	EndGlobalSection
	GlobalSection(ExtensibilityGlobals) = postSolution
		SolutionGuid = {0651544D-749C-4C19-9A5C-B47BB249A889}
	EndGlobalSection
EndGlobal
